
Microsoft Visual Studio Solution File, Format Version 12.00
# Visual Studio Version 17
VisualStudioVersion = 17.4.33213.308
MinimumVisualStudioVersion = 10.0.40219.1
Project("{FAE04EC0-301F-11D3-BF4B-00C04F79EFBC}") = "project1", "project1\project1.csproj", "{06854300-EBB6-4551-A67B-DAFA7FC74D24}"
EndProject
Global
	GlobalSection(SolutionConfigurationPlatforms) = preSolution
		Debug|Any CPU = Debug|Any CPU
		Release|Any CPU = Release|Any CPU
	EndGlobalSection
	GlobalSection(ProjectConfigurationPlatforms) = postSolution
		{06854300-EBB6-4551-A67B-DAFA7FC74D24}.Debug|Any CPU.ActiveCfg = Debug|Any CPU
		{06854300-EBB6-4551-A67B-DAFA7FC74D24}.Debug|Any CPU.Build.0 = Debug|Any CPU
		{06854300-EBB6-4551-A67B-DAFA7FC74D24}.Release|Any CPU.ActiveCfg = Release|Any CPU
		{06854300-EBB6-4551-A67B-DAFA7FC74D24}.Release|Any CPU.Build.0 = Release|Any CPU
	EndGlobalSection
	GlobalSection(SolutionProperties) = preSolution
		HideSolutionNode = FALSE
	EndGlobalSection
	GlobalSection(ExtensibilityGlobals) = postSolution
		SolutionGuid = {02868A6C-B323-4D66-B907-43F0DC39A4A4}
	EndGlobalSection
EndGlobal
